// !$*UTF8*$!
{
	archiveVersion = 1;
	classes = {
	};
	objectVersion = 56;
	objects = {

/* Begin PBXBuildFile section */
		F57E70F82A93233C00AB2539 /* AppDelegate.swift in Sources */ = {isa = PBXBuildFile; fileRef = F57E70F72A93233C00AB2539 /* AppDelegate.swift */; };
		F57E70FA2A93233C00AB2539 /* SceneDelegate.swift in Sources */ = {isa = PBXBuildFile; fileRef = F57E70F92A93233C00AB2539 /* SceneDelegate.swift */; };
		F57E70FC2A93233C00AB2539 /* ViewController.swift in Sources */ = {isa = PBXBuildFile; fileRef = F57E70FB2A93233C00AB2539 /* ViewController.swift */; };
		F57E70FF2A93233C00AB2539 /* Main.storyboard in Resources */ = {isa = PBXBuildFile; fileRef = F57E70FD2A93233C00AB2539 /* Main.storyboard */; };
		F57E71012A93233E00AB2539 /* Assets.xcassets in Resources */ = {isa = PBXBuildFile; fileRef = F57E71002A93233E00AB2539 /* Assets.xcassets */; };
		F57E71042A93233E00AB2539 /* LaunchScreen.storyboard in Resources */ = {isa = PBXBuildFile; fileRef = F57E71022A93233E00AB2539 /* LaunchScreen.storyboard */; };
		F57E710C2A93328700AB2539 /* CardView.swift in Sources */ = {isa = PBXBuildFile; fileRef = F57E710B2A93328700AB2539 /* CardView.swift */; };
		F5C723542A935EE800630486 /* DetailsView.swift in Sources */ = {isa = PBXBuildFile; fileRef = F5C723532A935EE800630486 /* DetailsView.swift */; };
		F5C723562A93610300630486 /* CardViewCoordinator.swift in Sources */ = {isa = PBXBuildFile; fileRef = F5C723552A93610300630486 /* CardViewCoordinator.swift */; };
		F5C723582A936AEB00630486 /* Character.swift in Sources */ = {isa = PBXBuildFile; fileRef = F5C723572A936AEB00630486 /* Character.swift */; };
/* End PBXBuildFile section */

/* Begin PBXFileReference section */
		F57E70F42A93233C00AB2539 /* Rick&Morty.app */ = {isa = PBXFileReference; explicitFileType = wrapper.application; includeInIndex = 0; path = "Rick&Morty.app"; sourceTree = BUILT_PRODUCTS_DIR; };
		F57E70F72A93233C00AB2539 /* AppDelegate.swift */ = {isa = PBXFileReference; lastKnownFileType = sourcecode.swift; path = AppDelegate.swift; sourceTree = "<group>"; };
		F57E70F92A93233C00AB2539 /* SceneDelegate.swift */ = {isa = PBXFileReference; lastKnownFileType = sourcecode.swift; path = SceneDelegate.swift; sourceTree = "<group>"; };
		F57E70FB2A93233C00AB2539 /* ViewController.swift */ = {isa = PBXFileReference; lastKnownFileType = sourcecode.swift; path = ViewController.swift; sourceTree = "<group>"; };
		F57E70FE2A93233C00AB2539 /* Base */ = {isa = PBXFileReference; lastKnownFileType = file.storyboard; name = Base; path = Base.lproj/Main.storyboard; sourceTree = "<group>"; };
		F57E71002A93233E00AB2539 /* Assets.xcassets */ = {isa = PBXFileReference; lastKnownFileType = folder.assetcatalog; path = Assets.xcassets; sourceTree = "<group>"; };
		F57E71032A93233E00AB2539 /* Base */ = {isa = PBXFileReference; lastKnownFileType = file.storyboard; name = Base; path = Base.lproj/LaunchScreen.storyboard; sourceTree = "<group>"; };
		F57E71052A93233E00AB2539 /* Info.plist */ = {isa = PBXFileReference; lastKnownFileType = text.plist.xml; path = Info.plist; sourceTree = "<group>"; };
		F57E710B2A93328700AB2539 /* CardView.swift */ = {isa = PBXFileReference; lastKnownFileType = sourcecode.swift; path = CardView.swift; sourceTree = "<group>"; };
		F5C723532A935EE800630486 /* DetailsView.swift */ = {isa = PBXFileReference; lastKnownFileType = sourcecode.swift; path = DetailsView.swift; sourceTree = "<group>"; };
		F5C723552A93610300630486 /* CardViewCoordinator.swift */ = {isa = PBXFileReference; lastKnownFileType = sourcecode.swift; path = CardViewCoordinator.swift; sourceTree = "<group>"; };
		F5C723572A936AEB00630486 /* Character.swift */ = {isa = PBXFileReference; lastKnownFileType = sourcecode.swift; path = Character.swift; sourceTree = "<group>"; };
/* End PBXFileReference section */

/* Begin PBXFrameworksBuildPhase section */
		F57E70F12A93233C00AB2539 /* Frameworks */ = {
			isa = PBXFrameworksBuildPhase;
			buildActionMask = 2147483647;
			files = (
			);
			runOnlyForDeploymentPostprocessing = 0;
		};
/* End PBXFrameworksBuildPhase section */

/* Begin PBXGroup section */
		F57E70EB2A93233C00AB2539 = {
			isa = PBXGroup;
			children = (
				F57E70F62A93233C00AB2539 /* Rick&Morty */,
				F57E70F52A93233C00AB2539 /* Products */,
			);
			sourceTree = "<group>";
		};
		F57E70F52A93233C00AB2539 /* Products */ = {
			isa = PBXGroup;
			children = (
				F57E70F42A93233C00AB2539 /* Rick&Morty.app */,
			);
			name = Products;
			sourceTree = "<group>";
		};
		F57E70F62A93233C00AB2539 /* Rick&Morty */ = {
			isa = PBXGroup;
			children = (
				F59480DC2A94C9E50064A91D /* Other */,
				F59480DB2A94C9D50064A91D /* Controllers */,
				F59480DA2A94C9C20064A91D /* Managers */,
				F57E71052A93233E00AB2539 /* Info.plist */,
			);
			path = "Rick&Morty";
			sourceTree = "<group>";
		};
		F59480DA2A94C9C20064A91D /* Managers */ = {
			isa = PBXGroup;
			children = (
				F5C723552A93610300630486 /* CardViewCoordinator.swift */,
				F57E710B2A93328700AB2539 /* CardView.swift */,
				F5C723572A936AEB00630486 /* Character.swift */,
			);
			path = Managers;
			sourceTree = "<group>";
		};
		F59480DB2A94C9D50064A91D /* Controllers */ = {
			isa = PBXGroup;
			children = (
				F57E70FB2A93233C00AB2539 /* ViewController.swift */,
				F57E71022A93233E00AB2539 /* LaunchScreen.storyboard */,
				F5C723532A935EE800630486 /* DetailsView.swift */,
				F57E70FD2A93233C00AB2539 /* Main.storyboard */,
			);
			path = Controllers;
			sourceTree = "<group>";
		};
		F59480DC2A94C9E50064A91D /* Other */ = {
			isa = PBXGroup;
			children = (
				F57E70F72A93233C00AB2539 /* AppDelegate.swift */,
				F57E70F92A93233C00AB2539 /* SceneDelegate.swift */,
				F57E71002A93233E00AB2539 /* Assets.xcassets */,
			);
			path = Other;
			sourceTree = "<group>";
		};
/* End PBXGroup section */

/* Begin PBXNativeTarget section */
		F57E70F32A93233C00AB2539 /* Rick&Morty */ = {
			isa = PBXNativeTarget;
			buildConfigurationList = F57E71082A93233E00AB2539 /* Build configuration list for PBXNativeTarget "Rick&Morty" */;
			buildPhases = (
				F57E70F02A93233C00AB2539 /* Sources */,
				F57E70F12A93233C00AB2539 /* Frameworks */,
				F57E70F22A93233C00AB2539 /* Resources */,
			);
			buildRules = (
			);
			dependencies = (
			);
			name = "Rick&Morty";
			productName = "Rick&Morty";
			productReference = F57E70F42A93233C00AB2539 /* Rick&Morty.app */;
			productType = "com.apple.product-type.application";
		};
/* End PBXNativeTarget section */

/* Begin PBXProject section */
		F57E70EC2A93233C00AB2539 /* Project object */ = {
			isa = PBXProject;
			attributes = {
				BuildIndependentTargetsInParallel = 1;
				LastSwiftUpdateCheck = 1430;
				LastUpgradeCheck = 1430;
				TargetAttributes = {
					F57E70F32A93233C00AB2539 = {
						CreatedOnToolsVersion = 14.3.1;
					};
				};
			};
			buildConfigurationList = F57E70EF2A93233C00AB2539 /* Build configuration list for PBXProject "Rick&Morty" */;
			compatibilityVersion = "Xcode 14.0";
			developmentRegion = en;
			hasScannedForEncodings = 0;
			knownRegions = (
				en,
				Base,
			);
			mainGroup = F57E70EB2A93233C00AB2539;
			productRefGroup = F57E70F52A93233C00AB2539 /* Products */;
			projectDirPath = "";
			projectRoot = "";
			targets = (
				F57E70F32A93233C00AB2539 /* Rick&Morty */,
			);
		};
/* End PBXProject section */

/* Begin PBXResourcesBuildPhase section */
		F57E70F22A93233C00AB2539 /* Resources */ = {
			isa = PBXResourcesBuildPhase;
			buildActionMask = 2147483647;
			files = (
				F57E71042A93233E00AB2539 /* LaunchScreen.storyboard in Resources */,
				F57E71012A93233E00AB2539 /* Assets.xcassets in Resources */,
				F57E70FF2A93233C00AB2539 /* Main.storyboard in Resources */,
			);
			runOnlyForDeploymentPostprocessing = 0;
		};
/* End PBXResourcesBuildPhase section */

/* Begin PBXSourcesBuildPhase section */
		F57E70F02A93233C00AB2539 /* Sources */ = {
			isa = PBXSourcesBuildPhase;
			buildActionMask = 2147483647;
			files = (
				F57E70FC2A93233C00AB2539 /* ViewController.swift in Sources */,
				F5C723542A935EE800630486 /* DetailsView.swift in Sources */,
				F5C723582A936AEB00630486 /* Character.swift in Sources */,
				F57E70F82A93233C00AB2539 /* AppDelegate.swift in Sources */,
				F5C723562A93610300630486 /* CardViewCoordinator.swift in Sources */,
				F57E710C2A93328700AB2539 /* CardView.swift in Sources */,
				F57E70FA2A93233C00AB2539 /* SceneDelegate.swift in Sources */,
			);
			runOnlyForDeploymentPostprocessing = 0;
		};
/* End PBXSourcesBuildPhase section */

/* Begin PBXVariantGroup section */
		F57E70FD2A93233C00AB2539 /* Main.storyboard */ = {
			isa = PBXVariantGroup;
			children = (
				F57E70FE2A93233C00AB2539 /* Base */,
			);
			name = Main.storyboard;
			sourceTree = "<group>";
		};
		F57E71022A93233E00AB2539 /* LaunchScreen.storyboard */ = {
			isa = PBXVariantGroup;
			children = (
				F57E71032A93233E00AB2539 /* Base */,
			);
			name = LaunchScreen.storyboard;
			sourceTree = "<group>";
		};
/* End PBXVariantGroup section */

/* Begin XCBuildConfiguration section */
		F57E71062A93233E00AB2539 /* Debug */ = {
			isa = XCBuildConfiguration;
			buildSettings = {
				ALWAYS_SEARCH_USER_PATHS = NO;
				CLANG_ANALYZER_NONNULL = YES;
				CLANG_ANALYZER_NUMBER_OBJECT_CONVERSION = YES_AGGRESSIVE;
				CLANG_CXX_LANGUAGE_STANDARD = "gnu++20";
				CLANG_ENABLE_MODULES = YES;
				CLANG_ENABLE_OBJC_ARC = YES;
				CLANG_ENABLE_OBJC_WEAK = YES;
				CLANG_WARN_BLOCK_CAPTURE_AUTORELEASING = YES;
				CLANG_WARN_BOOL_CONVERSION = YES;
				CLANG_WARN_COMMA = YES;
				CLANG_WARN_CONSTANT_CONVERSION = YES;
				CLANG_WARN_DEPRECATED_OBJC_IMPLEMENTATIONS = YES;
				CLANG_WARN_DIRECT_OBJC_ISA_USAGE = YES_ERROR;
				CLANG_WARN_DOCUMENTATION_COMMENTS = YES;
				CLANG_WARN_EMPTY_BODY = YES;
				CLANG_WARN_ENUM_CONVERSION = YES;
				CLANG_WARN_INFINITE_RECURSION = YES;
				CLANG_WARN_INT_CONVERSION = YES;
				CLANG_WARN_NON_LITERAL_NULL_CONVERSION = YES;
				CLANG_WARN_OBJC_IMPLICIT_RETAIN_SELF = YES;
				CLANG_WARN_OBJC_LITERAL_CONVERSION = YES;
				CLANG_WARN_OBJC_ROOT_CLASS = YES_ERROR;
				CLANG_WARN_QUOTED_INCLUDE_IN_FRAMEWORK_HEADER = YES;
				CLANG_WARN_RANGE_LOOP_ANALYSIS = YES;
				CLANG_WARN_STRICT_PROTOTYPES = YES;
				CLANG_WARN_SUSPICIOUS_MOVE = YES;
				CLANG_WARN_UNGUARDED_AVAILABILITY = YES_AGGRESSIVE;
				CLANG_WARN_UNREACHABLE_CODE = YES;
				CLANG_WARN__DUPLICATE_METHOD_MATCH = YES;
				COPY_PHASE_STRIP = NO;
				DEBUG_INFORMATION_FORMAT = dwarf;
				ENABLE_STRICT_OBJC_MSGSEND = YES;
				ENABLE_TESTABILITY = YES;
				GCC_C_LANGUAGE_STANDARD = gnu11;
				GCC_DYNAMIC_NO_PIC = NO;
				GCC_NO_COMMON_BLOCKS = YES;
				GCC_OPTIMIZATION_LEVEL = 0;
				GCC_PREPROCESSOR_DEFINITIONS = (
					"DEBUG=1",
					"$(inherited)",
				);
				GCC_WARN_64_TO_32_BIT_CONVERSION = YES;
				GCC_WARN_ABOUT_RETURN_TYPE = YES_ERROR;
				GCC_WARN_UNDECLARED_SELECTOR = YES;
				GCC_WARN_UNINITIALIZED_AUTOS = YES_AGGRESSIVE;
				GCC_WARN_UNUSED_FUNCTION = YES;
				GCC_WARN_UNUSED_VARIABLE = YES;
				IPHONEOS_DEPLOYMENT_TARGET = 16.4;
				MTL_ENABLE_DEBUG_INFO = INCLUDE_SOURCE;
				MTL_FAST_MATH = YES;
				ONLY_ACTIVE_ARCH = YES;
				SDKROOT = iphoneos;
				SWIFT_ACTIVE_COMPILATION_CONDITIONS = DEBUG;
				SWIFT_OPTIMIZATION_LEVEL = "-Onone";
			};
			name = Debug;
		};
		F57E71072A93233E00AB2539 /* Release */ = {
			isa = XCBuildConfiguration;
			buildSettings = {
				ALWAYS_SEARCH_USER_PATHS = NO;
				CLANG_ANALYZER_NONNULL = YES;
				CLANG_ANALYZER_NUMBER_OBJECT_CONVERSION = YES_AGGRESSIVE;
				CLANG_CXX_LANGUAGE_STANDARD = "gnu++20";
				CLANG_ENABLE_MODULES = YES;
				CLANG_ENABLE_OBJC_ARC = YES;
				CLANG_ENABLE_OBJC_WEAK = YES;
				CLANG_WARN_BLOCK_CAPTURE_AUTORELEASING = YES;
				CLANG_WARN_BOOL_CONVERSION = YES;
				CLANG_WARN_COMMA = YES;
				CLANG_WARN_CONSTANT_CONVERSION = YES;
				CLANG_WARN_DEPRECATED_OBJC_IMPLEMENTATIONS = YES;
				CLANG_WARN_DIRECT_OBJC_ISA_USAGE = YES_ERROR;
				CLANG_WARN_DOCUMENTATION_COMMENTS = YES;
				CLANG_WARN_EMPTY_BODY = YES;
				CLANG_WARN_ENUM_CONVERSION = YES;
				CLANG_WARN_INFINITE_RECURSION = YES;
				CLANG_WARN_INT_CONVERSION = YES;
				CLANG_WARN_NON_LITERAL_NULL_CONVERSION = YES;
				CLANG_WARN_OBJC_IMPLICIT_RETAIN_SELF = YES;
				CLANG_WARN_OBJC_LITERAL_CONVERSION = YES;
				CLANG_WARN_OBJC_ROOT_CLASS = YES_ERROR;
				CLANG_WARN_QUOTED_INCLUDE_IN_FRAMEWORK_HEADER = YES;
				CLANG_WARN_RANGE_LOOP_ANALYSIS = YES;
				CLANG_WARN_STRICT_PROTOTYPES = YES;
				CLANG_WARN_SUSPICIOUS_MOVE = YES;
				CLANG_WARN_UNGUARDED_AVAILABILITY = YES_AGGRESSIVE;
				CLANG_WARN_UNREACHABLE_CODE = YES;
				CLANG_WARN__DUPLICATE_METHOD_MATCH = YES;
				COPY_PHASE_STRIP = NO;
				DEBUG_INFORMATION_FORMAT = "dwarf-with-dsym";
				ENABLE_NS_ASSERTIONS = NO;
				ENABLE_STRICT_OBJC_MSGSEND = YES;
				GCC_C_LANGUAGE_STANDARD = gnu11;
				GCC_NO_COMMON_BLOCKS = YES;
				GCC_WARN_64_TO_32_BIT_CONVERSION = YES;
				GCC_WARN_ABOUT_RETURN_TYPE = YES_ERROR;
				GCC_WARN_UNDECLARED_SELECTOR = YES;
				GCC_WARN_UNINITIALIZED_AUTOS = YES_AGGRESSIVE;
				GCC_WARN_UNUSED_FUNCTION = YES;
				GCC_WARN_UNUSED_VARIABLE = YES;
				IPHONEOS_DEPLOYMENT_TARGET = 16.4;
				MTL_ENABLE_DEBUG_INFO = NO;
				MTL_FAST_MATH = YES;
				SDKROOT = iphoneos;
				SWIFT_COMPILATION_MODE = wholemodule;
				SWIFT_OPTIMIZATION_LEVEL = "-O";
				VALIDATE_PRODUCT = YES;
			};
			name = Release;
		};
		F57E71092A93233E00AB2539 /* Debug */ = {
			isa = XCBuildConfiguration;
			buildSettings = {
				ASSETCATALOG_COMPILER_APPICON_NAME = AppIcon;
				ASSETCATALOG_COMPILER_GLOBAL_ACCENT_COLOR_NAME = AccentColor;
				CODE_SIGN_STYLE = Automatic;
				CURRENT_PROJECT_VERSION = 1;
				GENERATE_INFOPLIST_FILE = YES;
				INFOPLIST_FILE = "Rick&Morty/Info.plist";
				INFOPLIST_KEY_UIApplicationSupportsIndirectInputEvents = YES;
				INFOPLIST_KEY_UILaunchStoryboardName = LaunchScreen;
				INFOPLIST_KEY_UIMainStoryboardFile = Main;
				INFOPLIST_KEY_UISupportedInterfaceOrientations_iPad = "UIInterfaceOrientationPortrait UIInterfaceOrientationPortraitUpsideDown UIInterfaceOrientationLandscapeLeft UIInterfaceOrientationLandscapeRight";
				INFOPLIST_KEY_UISupportedInterfaceOrientations_iPhone = "UIInterfaceOrientationPortrait UIInterfaceOrientationLandscapeLeft UIInterfaceOrientationLandscapeRight";
				LD_RUNPATH_SEARCH_PATHS = (
					"$(inherited)",
					"@executable_path/Frameworks",
				);
				MARKETING_VERSION = 1.0;
				PRODUCT_BUNDLE_IDENTIFIER = "dias.saiynov-nu.edu.kz.Rick-Morty";
				PRODUCT_NAME = "$(TARGET_NAME)";
				SWIFT_EMIT_LOC_STRINGS = YES;
				SWIFT_VERSION = 5.0;
				TARGETED_DEVICE_FAMILY = "1,2";
			};
			name = Debug;
		};
		F57E710A2A93233E00AB2539 /* Release */ = {
			isa = XCBuildConfiguration;
			buildSettings = {
				ASSETCATALOG_COMPILER_APPICON_NAME = AppIcon;
				ASSETCATALOG_COMPILER_GLOBAL_ACCENT_COLOR_NAME = AccentColor;
				CODE_SIGN_STYLE = Automatic;
				CURRENT_PROJECT_VERSION = 1;
				GENERATE_INFOPLIST_FILE = YES;
				INFOPLIST_FILE = "Rick&Morty/Info.plist";
				INFOPLIST_KEY_UIApplicationSupportsIndirectInputEvents = YES;
				INFOPLIST_KEY_UILaunchStoryboardName = LaunchScreen;
				INFOPLIST_KEY_UIMainStoryboardFile = Main;
				INFOPLIST_KEY_UISupportedInterfaceOrientations_iPad = "UIInterfaceOrientationPortrait UIInterfaceOrientationPortraitUpsideDown UIInterfaceOrientationLandscapeLeft UIInterfaceOrientationLandscapeRight";
				INFOPLIST_KEY_UISupportedInterfaceOrientations_iPhone = "UIInterfaceOrientationPortrait UIInterfaceOrientationLandscapeLeft UIInterfaceOrientationLandscapeRight";
				LD_RUNPATH_SEARCH_PATHS = (
					"$(inherited)",
					"@executable_path/Frameworks",
				);
				MARKETING_VERSION = 1.0;
				PRODUCT_BUNDLE_IDENTIFIER = "dias.saiynov-nu.edu.kz.Rick-Morty";
				PRODUCT_NAME = "$(TARGET_NAME)";
				SWIFT_EMIT_LOC_STRINGS = YES;
				SWIFT_VERSION = 5.0;
				TARGETED_DEVICE_FAMILY = "1,2";
			};
			name = Release;
		};
/* End XCBuildConfiguration section */

/* Begin XCConfigurationList section */
		F57E70EF2A93233C00AB2539 /* Build configuration list for PBXProject "Rick&Morty" */ = {
			isa = XCConfigurationList;
			buildConfigurations = (
				F57E71062A93233E00AB2539 /* Debug */,
				F57E71072A93233E00AB2539 /* Release */,
			);
			defaultConfigurationIsVisible = 0;
			defaultConfigurationName = Release;
		};
		F57E71082A93233E00AB2539 /* Build configuration list for PBXNativeTarget "Rick&Morty" */ = {
			isa = XCConfigurationList;
			buildConfigurations = (
				F57E71092A93233E00AB2539 /* Debug */,
				F57E710A2A93233E00AB2539 /* Release */,
			);
			defaultConfigurationIsVisible = 0;
			defaultConfigurationName = Release;
		};
/* End XCConfigurationList section */
	};
	rootObject = F57E70EC2A93233C00AB2539 /* Project object */;
}
